
Microsoft Visual Studio Solution File, Format Version 12.00
# Visual Studio 15
VisualStudioVersion = 15.0.27130.2010
MinimumVisualStudioVersion = 10.0.40219.1
Project("{9A19103F-16F7-4668-BE54-9A1E7A4F7556}") = "RoomPresenceFunctions", "RoomPresenceFunctions\RoomPresenceFunctions.csproj", "{098FF806-19C5-4BA1-996A-D2B0BDDC937E}"
EndProject
Global
	GlobalSection(SolutionConfigurationPlatforms) = preSolution
		Debug|Any CPU = Debug|Any CPU
		Release|Any CPU = Release|Any CPU
	EndGlobalSection
	GlobalSection(ProjectConfigurationPlatforms) = postSolution
		{098FF806-19C5-4BA1-996A-D2B0BDDC937E}.Debug|Any CPU.ActiveCfg = Debug|Any CPU
		{098FF806-19C5-4BA1-996A-D2B0BDDC937E}.Debug|Any CPU.Build.0 = Debug|Any CPU
		{098FF806-19C5-4BA1-996A-D2B0BDDC937E}.Release|Any CPU.ActiveCfg = Release|Any CPU
		{098FF806-19C5-4BA1-996A-D2B0BDDC937E}.Release|Any CPU.Build.0 = Release|Any CPU
	EndGlobalSection
	GlobalSection(SolutionProperties) = preSolution
		HideSolutionNode = FALSE
	EndGlobalSection
	GlobalSection(ExtensibilityGlobals) = postSolution
		SolutionGuid = {D74E2299-89F9-46BF-B3C4-4D05712D1DE1}
	EndGlobalSection
EndGlobal
